
Microsoft Visual Studio Solution File, Format Version 12.00
# Visual Studio Version 17
VisualStudioVersion = 17.8.34322.80
MinimumVisualStudioVersion = 10.0.40219.1
Project("{FAE04EC0-301F-11D3-BF4B-00C04F79EFBC}") = "Diplom", "Diplom\Diplom.csproj", "{95BEEE1A-A4A8-4029-99A9-EFDB3D30CB4F}"
EndProject
Global
	GlobalSection(SolutionConfigurationPlatforms) = preSolution
		Debug|Any CPU = Debug|Any CPU
		Release|Any CPU = Release|Any CPU
	EndGlobalSection
	GlobalSection(ProjectConfigurationPlatforms) = postSolution
		{95BEEE1A-A4A8-4029-99A9-EFDB3D30CB4F}.Debug|Any CPU.ActiveCfg = Debug|Any CPU
		{95BEEE1A-A4A8-4029-99A9-EFDB3D30CB4F}.Debug|Any CPU.Build.0 = Debug|Any CPU
		{95BEEE1A-A4A8-4029-99A9-EFDB3D30CB4F}.Release|Any CPU.ActiveCfg = Release|Any CPU
		{95BEEE1A-A4A8-4029-99A9-EFDB3D30CB4F}.Release|Any CPU.Build.0 = Release|Any CPU
	EndGlobalSection
	GlobalSection(SolutionProperties) = preSolution
		HideSolutionNode = FALSE
	EndGlobalSection
	GlobalSection(ExtensibilityGlobals) = postSolution
		SolutionGuid = {79865DB8-F736-4577-987B-180B79B970A5}
	EndGlobalSection
EndGlobal
